
Microsoft Visual Studio Solution File, Format Version 12.00
# Visual Studio Version 17
VisualStudioVersion = 17.1.32328.378
MinimumVisualStudioVersion = 10.0.40219.1
Project("{8BC9CEB8-8B4A-11D0-8D11-00A0C91BC942}") = "Zadanie1", "CPP_Zaawansowane_Zadania\CPP_Zaawansowane_Zadania.vcxproj", "{FD7A4700-1AC3-48AA-8D0C-13BFB3AD28A7}"
EndProject
Project("{8BC9CEB8-8B4A-11D0-8D11-00A0C91BC942}") = "Zadanie2", "Zadanie2\Zadanie2.vcxproj", "{5DADF568-3390-4C0D-B591-7B9994E7283A}"
EndProject
Project("{8BC9CEB8-8B4A-11D0-8D11-00A0C91BC942}") = "Zadanie3", "Zadanie3\Zadanie3.vcxproj", "{E5440539-7BCB-40D0-8030-B1DBC59BA0F5}"
EndProject
Project("{8BC9CEB8-8B4A-11D0-8D11-00A0C91BC942}") = "Zadanie4", "Zadanie4\Zadanie4.vcxproj", "{7C377098-C59C-418E-84C7-95B8B0B15C6C}"
EndProject
Project("{8BC9CEB8-8B4A-11D0-8D11-00A0C91BC942}") = "Zadanie5", "Zadanie5\Zadanie5.vcxproj", "{988AF13C-FF2F-4DC4-B559-11960A5A3F7B}"
EndProject
Project("{8BC9CEB8-8B4A-11D0-8D11-00A0C91BC942}") = "Zadanie6", "Zadanie6\Zadanie6.vcxproj", "{A6B80558-D05D-427B-987A-CD9C5F6C661F}"
EndProject
Project("{8BC9CEB8-8B4A-11D0-8D11-00A0C91BC942}") = "Zadanie7", "Zadanie7\Zadanie7.vcxproj", "{5E63B5CD-8DDC-4489-AD06-97A13213E638}"
EndProject
Project("{8BC9CEB8-8B4A-11D0-8D11-00A0C91BC942}") = "Zadanie8", "Zadanie8\Zadanie8.vcxproj", "{F638A06F-3CB1-409B-B4B2-D3B323DC2783}"
EndProject
Project("{8BC9CEB8-8B4A-11D0-8D11-00A0C91BC942}") = "Zadanie9", "Zadanie9\Zadanie9.vcxproj", "{0F454D2F-43E5-40FE-A6BA-EDB6F9C20F81}"
EndProject
Global
	GlobalSection(SolutionConfigurationPlatforms) = preSolution
		Debug|x64 = Debug|x64
		Debug|x86 = Debug|x86
		Release|x64 = Release|x64
		Release|x86 = Release|x86
	EndGlobalSection
	GlobalSection(ProjectConfigurationPlatforms) = postSolution
		{FD7A4700-1AC3-48AA-8D0C-13BFB3AD28A7}.Debug|x64.ActiveCfg = Debug|x64
		{FD7A4700-1AC3-48AA-8D0C-13BFB3AD28A7}.Debug|x64.Build.0 = Debug|x64
		{FD7A4700-1AC3-48AA-8D0C-13BFB3AD28A7}.Debug|x86.ActiveCfg = Debug|Win32
		{FD7A4700-1AC3-48AA-8D0C-13BFB3AD28A7}.Debug|x86.Build.0 = Debug|Win32
		{FD7A4700-1AC3-48AA-8D0C-13BFB3AD28A7}.Release|x64.ActiveCfg = Release|x64
		{FD7A4700-1AC3-48AA-8D0C-13BFB3AD28A7}.Release|x64.Build.0 = Release|x64
		{FD7A4700-1AC3-48AA-8D0C-13BFB3AD28A7}.Release|x86.ActiveCfg = Release|Win32
		{FD7A4700-1AC3-48AA-8D0C-13BFB3AD28A7}.Release|x86.Build.0 = Release|Win32
		{5DADF568-3390-4C0D-B591-7B9994E7283A}.Debug|x64.ActiveCfg = Debug|x64
		{5DADF568-3390-4C0D-B591-7B9994E7283A}.Debug|x64.Build.0 = Debug|x64
		{5DADF568-3390-4C0D-B591-7B9994E7283A}.Debug|x86.ActiveCfg = Debug|Win32
		{5DADF568-3390-4C0D-B591-7B9994E7283A}.Debug|x86.Build.0 = Debug|Win32
		{5DADF568-3390-4C0D-B591-7B9994E7283A}.Release|x64.ActiveCfg = Release|x64
		{5DADF568-3390-4C0D-B591-7B9994E7283A}.Release|x64.Build.0 = Release|x64
		{5DADF568-3390-4C0D-B591-7B9994E7283A}.Release|x86.ActiveCfg = Release|Win32
		{5DADF568-3390-4C0D-B591-7B9994E7283A}.Release|x86.Build.0 = Release|Win32
		{E5440539-7BCB-40D0-8030-B1DBC59BA0F5}.Debug|x64.ActiveCfg = Debug|x64
		{E5440539-7BCB-40D0-8030-B1DBC59BA0F5}.Debug|x64.Build.0 = Debug|x64
		{E5440539-7BCB-40D0-8030-B1DBC59BA0F5}.Debug|x86.ActiveCfg = Debug|Win32
		{E5440539-7BCB-40D0-8030-B1DBC59BA0F5}.Debug|x86.Build.0 = Debug|Win32
		{E5440539-7BCB-40D0-8030-B1DBC59BA0F5}.Release|x64.ActiveCfg = Release|x64
		{E5440539-7BCB-40D0-8030-B1DBC59BA0F5}.Release|x64.Build.0 = Release|x64
		{E5440539-7BCB-40D0-8030-B1DBC59BA0F5}.Release|x86.ActiveCfg = Release|Win32
		{E5440539-7BCB-40D0-8030-B1DBC59BA0F5}.Release|x86.Build.0 = Release|Win32
		{7C377098-C59C-418E-84C7-95B8B0B15C6C}.Debug|x64.ActiveCfg = Debug|x64
		{7C377098-C59C-418E-84C7-95B8B0B15C6C}.Debug|x64.Build.0 = Debug|x64
		{7C377098-C59C-418E-84C7-95B8B0B15C6C}.Debug|x86.ActiveCfg = Debug|Win32
		{7C377098-C59C-418E-84C7-95B8B0B15C6C}.Debug|x86.Build.0 = Debug|Win32
		{7C377098-C59C-418E-84C7-95B8B0B15C6C}.Release|x64.ActiveCfg = Release|x64
		{7C377098-C59C-418E-84C7-95B8B0B15C6C}.Release|x64.Build.0 = Release|x64
		{7C377098-C59C-418E-84C7-95B8B0B15C6C}.Release|x86.ActiveCfg = Release|Win32
		{7C377098-C59C-418E-84C7-95B8B0B15C6C}.Release|x86.Build.0 = Release|Win32
		{988AF13C-FF2F-4DC4-B559-11960A5A3F7B}.Debug|x64.ActiveCfg = Debug|x64
		{988AF13C-FF2F-4DC4-B559-11960A5A3F7B}.Debug|x64.Build.0 = Debug|x64
		{988AF13C-FF2F-4DC4-B559-11960A5A3F7B}.Debug|x86.ActiveCfg = Debug|Win32
		{988AF13C-FF2F-4DC4-B559-11960A5A3F7B}.Debug|x86.Build.0 = Debug|Win32
		{988AF13C-FF2F-4DC4-B559-11960A5A3F7B}.Release|x64.ActiveCfg = Release|x64
		{988AF13C-FF2F-4DC4-B559-11960A5A3F7B}.Release|x64.Build.0 = Release|x64
		{988AF13C-FF2F-4DC4-B559-11960A5A3F7B}.Release|x86.ActiveCfg = Release|Win32
		{988AF13C-FF2F-4DC4-B559-11960A5A3F7B}.Release|x86.Build.0 = Release|Win32
		{A6B80558-D05D-427B-987A-CD9C5F6C661F}.Debug|x64.ActiveCfg = Debug|x64
		{A6B80558-D05D-427B-987A-CD9C5F6C661F}.Debug|x64.Build.0 = Debug|x64
		{A6B80558-D05D-427B-987A-CD9C5F6C661F}.Debug|x86.ActiveCfg = Debug|Win32
		{A6B80558-D05D-427B-987A-CD9C5F6C661F}.Debug|x86.Build.0 = Debug|Win32
		{A6B80558-D05D-427B-987A-CD9C5F6C661F}.Release|x64.ActiveCfg = Release|x64
		{A6B80558-D05D-427B-987A-CD9C5F6C661F}.Release|x64.Build.0 = Release|x64
		{A6B80558-D05D-427B-987A-CD9C5F6C661F}.Release|x86.ActiveCfg = Release|Win32
		{A6B80558-D05D-427B-987A-CD9C5F6C661F}.Release|x86.Build.0 = Release|Win32
		{5E63B5CD-8DDC-4489-AD06-97A13213E638}.Debug|x64.ActiveCfg = Debug|x64
		{5E63B5CD-8DDC-4489-AD06-97A13213E638}.Debug|x64.Build.0 = Debug|x64
		{5E63B5CD-8DDC-4489-AD06-97A13213E638}.Debug|x86.ActiveCfg = Debug|Win32
		{5E63B5CD-8DDC-4489-AD06-97A13213E638}.Debug|x86.Build.0 = Debug|Win32
		{5E63B5CD-8DDC-4489-AD06-97A13213E638}.Release|x64.ActiveCfg = Release|x64
		{5E63B5CD-8DDC-4489-AD06-97A13213E638}.Release|x64.Build.0 = Release|x64
		{5E63B5CD-8DDC-4489-AD06-97A13213E638}.Release|x86.ActiveCfg = Release|Win32
		{5E63B5CD-8DDC-4489-AD06-97A13213E638}.Release|x86.Build.0 = Release|Win32
		{F638A06F-3CB1-409B-B4B2-D3B323DC2783}.Debug|x64.ActiveCfg = Debug|x64
		{F638A06F-3CB1-409B-B4B2-D3B323DC2783}.Debug|x64.Build.0 = Debug|x64
		{F638A06F-3CB1-409B-B4B2-D3B323DC2783}.Debug|x86.ActiveCfg = Debug|Win32
		{F638A06F-3CB1-409B-B4B2-D3B323DC2783}.Debug|x86.Build.0 = Debug|Win32
		{F638A06F-3CB1-409B-B4B2-D3B323DC2783}.Release|x64.ActiveCfg = Release|x64
		{F638A06F-3CB1-409B-B4B2-D3B323DC2783}.Release|x64.Build.0 = Release|x64
		{F638A06F-3CB1-409B-B4B2-D3B323DC2783}.Release|x86.ActiveCfg = Release|Win32
		{F638A06F-3CB1-409B-B4B2-D3B323DC2783}.Release|x86.Build.0 = Release|Win32
		{0F454D2F-43E5-40FE-A6BA-EDB6F9C20F81}.Debug|x64.ActiveCfg = Debug|x64
		{0F454D2F-43E5-40FE-A6BA-EDB6F9C20F81}.Debug|x64.Build.0 = Debug|x64
		{0F454D2F-43E5-40FE-A6BA-EDB6F9C20F81}.Debug|x86.ActiveCfg = Debug|Win32
		{0F454D2F-43E5-40FE-A6BA-EDB6F9C20F81}.Debug|x86.Build.0 = Debug|Win32
		{0F454D2F-43E5-40FE-A6BA-EDB6F9C20F81}.Release|x64.ActiveCfg = Release|x64
		{0F454D2F-43E5-40FE-A6BA-EDB6F9C20F81}.Release|x64.Build.0 = Release|x64
		{0F454D2F-43E5-40FE-A6BA-EDB6F9C20F81}.Release|x86.ActiveCfg = Release|Win32
		{0F454D2F-43E5-40FE-A6BA-EDB6F9C20F81}.Release|x86.Build.0 = Release|Win32
	EndGlobalSection
	GlobalSection(SolutionProperties) = preSolution
		HideSolutionNode = FALSE
	EndGlobalSection
	GlobalSection(ExtensibilityGlobals) = postSolution
		SolutionGuid = {D53BF697-B4CB-4C61-B6F0-171A8DB51F08}
	EndGlobalSection
EndGlobal
